
Microsoft Visual Studio Solution File, Format Version 12.00
# Visual Studio Version 17
VisualStudioVersion = 17.8.34330.188
MinimumVisualStudioVersion = 10.0.40219.1
Project("{9A19103F-16F7-4668-BE54-9A1E7A4F7556}") = "Orange1MSTestPOM", "Orange1\Orange1MSTestPOM.csproj", "{D883793C-892F-427A-880B-A4A262072589}"
EndProject
Global
	GlobalSection(SolutionConfigurationPlatforms) = preSolution
		Debug|Any CPU = Debug|Any CPU
		Release|Any CPU = Release|Any CPU
	EndGlobalSection
	GlobalSection(ProjectConfigurationPlatforms) = postSolution
		{D883793C-892F-427A-880B-A4A262072589}.Debug|Any CPU.ActiveCfg = Debug|Any CPU
		{D883793C-892F-427A-880B-A4A262072589}.Debug|Any CPU.Build.0 = Debug|Any CPU
		{D883793C-892F-427A-880B-A4A262072589}.Release|Any CPU.ActiveCfg = Release|Any CPU
		{D883793C-892F-427A-880B-A4A262072589}.Release|Any CPU.Build.0 = Release|Any CPU
	EndGlobalSection
	GlobalSection(SolutionProperties) = preSolution
		HideSolutionNode = FALSE
	EndGlobalSection
	GlobalSection(ExtensibilityGlobals) = postSolution
		SolutionGuid = {A127C9DB-59AE-4C15-A834-A1CE9B176B7F}
	EndGlobalSection
EndGlobal
